
Microsoft Visual Studio Solution File, Format Version 12.00
# Visual Studio Version 17
VisualStudioVersion = 17.0.31903.59
MinimumVisualStudioVersion = 10.0.40219.1
Project("{FAE04EC0-301F-11D3-BF4B-00C04F79EFBC}") = "Api", "Api\Api.csproj", "{D36BE38D-5735-4205-9F6A-ADDC987A117C}"
EndProject
Project("{FAE04EC0-301F-11D3-BF4B-00C04F79EFBC}") = "Dominio", "Dominio\Dominio.csproj", "{7C85FA8A-FCA4-4213-9387-8193F89F503B}"
EndProject
Project("{FAE04EC0-301F-11D3-BF4B-00C04F79EFBC}") = "Aplicacion", "Aplicacion\Aplicacion.csproj", "{C2DAF75C-F51B-469A-B63B-90642C40A613}"
EndProject
Project("{FAE04EC0-301F-11D3-BF4B-00C04F79EFBC}") = "Repository", "Repository\Repository.csproj", "{9AB60C71-D893-4448-B5B3-656A985985FA}"
EndProject
Global
	GlobalSection(SolutionConfigurationPlatforms) = preSolution
		Debug|Any CPU = Debug|Any CPU
		Debug|x64 = Debug|x64
		Debug|x86 = Debug|x86
		Release|Any CPU = Release|Any CPU
		Release|x64 = Release|x64
		Release|x86 = Release|x86
	EndGlobalSection
	GlobalSection(ProjectConfigurationPlatforms) = postSolution
		{D36BE38D-5735-4205-9F6A-ADDC987A117C}.Debug|Any CPU.ActiveCfg = Debug|Any CPU
		{D36BE38D-5735-4205-9F6A-ADDC987A117C}.Debug|Any CPU.Build.0 = Debug|Any CPU
		{D36BE38D-5735-4205-9F6A-ADDC987A117C}.Debug|x64.ActiveCfg = Debug|Any CPU
		{D36BE38D-5735-4205-9F6A-ADDC987A117C}.Debug|x64.Build.0 = Debug|Any CPU
		{D36BE38D-5735-4205-9F6A-ADDC987A117C}.Debug|x86.ActiveCfg = Debug|Any CPU
		{D36BE38D-5735-4205-9F6A-ADDC987A117C}.Debug|x86.Build.0 = Debug|Any CPU
		{D36BE38D-5735-4205-9F6A-ADDC987A117C}.Release|Any CPU.ActiveCfg = Release|Any CPU
		{D36BE38D-5735-4205-9F6A-ADDC987A117C}.Release|Any CPU.Build.0 = Release|Any CPU
		{D36BE38D-5735-4205-9F6A-ADDC987A117C}.Release|x64.ActiveCfg = Release|Any CPU
		{D36BE38D-5735-4205-9F6A-ADDC987A117C}.Release|x64.Build.0 = Release|Any CPU
		{D36BE38D-5735-4205-9F6A-ADDC987A117C}.Release|x86.ActiveCfg = Release|Any CPU
		{D36BE38D-5735-4205-9F6A-ADDC987A117C}.Release|x86.Build.0 = Release|Any CPU
		{7C85FA8A-FCA4-4213-9387-8193F89F503B}.Debug|Any CPU.ActiveCfg = Debug|Any CPU
		{7C85FA8A-FCA4-4213-9387-8193F89F503B}.Debug|Any CPU.Build.0 = Debug|Any CPU
		{7C85FA8A-FCA4-4213-9387-8193F89F503B}.Debug|x64.ActiveCfg = Debug|Any CPU
		{7C85FA8A-FCA4-4213-9387-8193F89F503B}.Debug|x64.Build.0 = Debug|Any CPU
		{7C85FA8A-FCA4-4213-9387-8193F89F503B}.Debug|x86.ActiveCfg = Debug|Any CPU
		{7C85FA8A-FCA4-4213-9387-8193F89F503B}.Debug|x86.Build.0 = Debug|Any CPU
		{7C85FA8A-FCA4-4213-9387-8193F89F503B}.Release|Any CPU.ActiveCfg = Release|Any CPU
		{7C85FA8A-FCA4-4213-9387-8193F89F503B}.Release|Any CPU.Build.0 = Release|Any CPU
		{7C85FA8A-FCA4-4213-9387-8193F89F503B}.Release|x64.ActiveCfg = Release|Any CPU
		{7C85FA8A-FCA4-4213-9387-8193F89F503B}.Release|x64.Build.0 = Release|Any CPU
		{7C85FA8A-FCA4-4213-9387-8193F89F503B}.Release|x86.ActiveCfg = Release|Any CPU
		{7C85FA8A-FCA4-4213-9387-8193F89F503B}.Release|x86.Build.0 = Release|Any CPU
		{C2DAF75C-F51B-469A-B63B-90642C40A613}.Debug|Any CPU.ActiveCfg = Debug|Any CPU
		{C2DAF75C-F51B-469A-B63B-90642C40A613}.Debug|Any CPU.Build.0 = Debug|Any CPU
		{C2DAF75C-F51B-469A-B63B-90642C40A613}.Debug|x64.ActiveCfg = Debug|Any CPU
		{C2DAF75C-F51B-469A-B63B-90642C40A613}.Debug|x64.Build.0 = Debug|Any CPU
		{C2DAF75C-F51B-469A-B63B-90642C40A613}.Debug|x86.ActiveCfg = Debug|Any CPU
		{C2DAF75C-F51B-469A-B63B-90642C40A613}.Debug|x86.Build.0 = Debug|Any CPU
		{C2DAF75C-F51B-469A-B63B-90642C40A613}.Release|Any CPU.ActiveCfg = Release|Any CPU
		{C2DAF75C-F51B-469A-B63B-90642C40A613}.Release|Any CPU.Build.0 = Release|Any CPU
		{C2DAF75C-F51B-469A-B63B-90642C40A613}.Release|x64.ActiveCfg = Release|Any CPU
		{C2DAF75C-F51B-469A-B63B-90642C40A613}.Release|x64.Build.0 = Release|Any CPU
		{C2DAF75C-F51B-469A-B63B-90642C40A613}.Release|x86.ActiveCfg = Release|Any CPU
		{C2DAF75C-F51B-469A-B63B-90642C40A613}.Release|x86.Build.0 = Release|Any CPU
		{9AB60C71-D893-4448-B5B3-656A985985FA}.Debug|Any CPU.ActiveCfg = Debug|Any CPU
		{9AB60C71-D893-4448-B5B3-656A985985FA}.Debug|Any CPU.Build.0 = Debug|Any CPU
		{9AB60C71-D893-4448-B5B3-656A985985FA}.Debug|x64.ActiveCfg = Debug|Any CPU
		{9AB60C71-D893-4448-B5B3-656A985985FA}.Debug|x64.Build.0 = Debug|Any CPU
		{9AB60C71-D893-4448-B5B3-656A985985FA}.Debug|x86.ActiveCfg = Debug|Any CPU
		{9AB60C71-D893-4448-B5B3-656A985985FA}.Debug|x86.Build.0 = Debug|Any CPU
		{9AB60C71-D893-4448-B5B3-656A985985FA}.Release|Any CPU.ActiveCfg = Release|Any CPU
		{9AB60C71-D893-4448-B5B3-656A985985FA}.Release|Any CPU.Build.0 = Release|Any CPU
		{9AB60C71-D893-4448-B5B3-656A985985FA}.Release|x64.ActiveCfg = Release|Any CPU
		{9AB60C71-D893-4448-B5B3-656A985985FA}.Release|x64.Build.0 = Release|Any CPU
		{9AB60C71-D893-4448-B5B3-656A985985FA}.Release|x86.ActiveCfg = Release|Any CPU
		{9AB60C71-D893-4448-B5B3-656A985985FA}.Release|x86.Build.0 = Release|Any CPU
	EndGlobalSection
	GlobalSection(SolutionProperties) = preSolution
		HideSolutionNode = FALSE
	EndGlobalSection
EndGlobal
